
Microsoft Visual Studio Solution File, Format Version 12.00
# Visual Studio Version 17
VisualStudioVersion = 17.4.33213.308
MinimumVisualStudioVersion = 10.0.40219.1
Project("{FAE04EC0-301F-11D3-BF4B-00C04F79EFBC}") = "OpenSilverBase64Image.Browser", "OpenSilverBase64Image.Browser\OpenSilverBase64Image.Browser.csproj", "{37FA936A-21DA-484F-8994-B13DBE940DF1}"
EndProject
Project("{FAE04EC0-301F-11D3-BF4B-00C04F79EFBC}") = "OpenSilverBase64Image", "OpenSilverBase64Image\OpenSilverBase64Image.csproj", "{3BA74EDB-4813-4A34-8890-8A0BE31C91FC}"
EndProject
Project("{FAE04EC0-301F-11D3-BF4B-00C04F79EFBC}") = "OpenSilverBase64Image.Simulator", "OpenSilverBase64Image.Simulator\OpenSilverBase64Image.Simulator.csproj", "{37C344FF-8939-4DD7-8279-3ADDBAC7914D}"
EndProject
Global
	GlobalSection(SolutionConfigurationPlatforms) = preSolution
		Debug|Any CPU = Debug|Any CPU
		Release|Any CPU = Release|Any CPU
	EndGlobalSection
	GlobalSection(ProjectConfigurationPlatforms) = postSolution
		{37FA936A-21DA-484F-8994-B13DBE940DF1}.Debug|Any CPU.ActiveCfg = Debug|Any CPU
		{37FA936A-21DA-484F-8994-B13DBE940DF1}.Debug|Any CPU.Build.0 = Debug|Any CPU
		{37FA936A-21DA-484F-8994-B13DBE940DF1}.Release|Any CPU.ActiveCfg = Release|Any CPU
		{37FA936A-21DA-484F-8994-B13DBE940DF1}.Release|Any CPU.Build.0 = Release|Any CPU
		{3BA74EDB-4813-4A34-8890-8A0BE31C91FC}.Debug|Any CPU.ActiveCfg = Debug|Any CPU
		{3BA74EDB-4813-4A34-8890-8A0BE31C91FC}.Debug|Any CPU.Build.0 = Debug|Any CPU
		{3BA74EDB-4813-4A34-8890-8A0BE31C91FC}.Release|Any CPU.ActiveCfg = Release|Any CPU
		{3BA74EDB-4813-4A34-8890-8A0BE31C91FC}.Release|Any CPU.Build.0 = Release|Any CPU
		{37C344FF-8939-4DD7-8279-3ADDBAC7914D}.Debug|Any CPU.ActiveCfg = Debug|Any CPU
		{37C344FF-8939-4DD7-8279-3ADDBAC7914D}.Debug|Any CPU.Build.0 = Debug|Any CPU
		{37C344FF-8939-4DD7-8279-3ADDBAC7914D}.Release|Any CPU.ActiveCfg = Release|Any CPU
		{37C344FF-8939-4DD7-8279-3ADDBAC7914D}.Release|Any CPU.Build.0 = Release|Any CPU
	EndGlobalSection
	GlobalSection(SolutionProperties) = preSolution
		HideSolutionNode = FALSE
	EndGlobalSection
	GlobalSection(ExtensibilityGlobals) = postSolution
		SolutionGuid = {F6F92DDC-B6EA-4896-9B8F-E75F29DB867B}
	EndGlobalSection
EndGlobal
